{
  "lockfile-version": 1,
  "manifest": {
    "version": 1,
    "install": {
      "ollama-cuda": {
        "pkg-path": "ollama-cuda"
      }
    },
    "vars": {
      "OLLAMA_HOST": "0.0.0.0",
      "OLLAMA_PORT": "11434"
    },
    "options": {
      "systems": [
        "aarch64-linux",
        "x86_64-linux"
      ]
    }
  },
  "packages": [
    {
      "attr_path": "ollama-cuda",
      "broken": false,
      "derivation": "/nix/store/5yqv8sr5s01hhp23hw3x94f1iq4cj3bh-ollama-0.13.1.drv",
      "description": "Get up and running with large language models locally, using CUDA for NVIDIA GPU acceleration",
      "install_id": "ollama-cuda",
      "license": "MIT",
      "locked_url": "https://github.com/flox/nixpkgs?rev=addf7cf5f383a3101ecfba091b98d0a1263dc9b8",
      "name": "ollama-0.13.1",
      "pname": "ollama-cuda",
      "rev": "addf7cf5f383a3101ecfba091b98d0a1263dc9b8",
      "rev_count": 908783,
      "rev_date": "2025-12-08T09:27:56Z",
      "scrape_date": "2025-12-10T03:04:35.511297Z",
      "stabilities": [
        "staging",
        "unstable"
      ],
      "unfree": false,
      "version": "0.13.1",
      "outputs_to_install": [
        "out",
        "out"
      ],
      "outputs": {
        "out": "/nix/store/ymv35qaxydx23a78w2mf949ba0bzqzg6-ollama-0.13.1"
      },
      "system": "aarch64-linux",
      "group": "toplevel",
      "priority": 5
    },
    {
      "attr_path": "ollama-cuda",
      "broken": false,
      "derivation": "/nix/store/ckjywziyigsjgfa15qgc7g90s5zi952i-ollama-0.13.1.drv",
      "description": "Get up and running with large language models locally, using CUDA for NVIDIA GPU acceleration",
      "install_id": "ollama-cuda",
      "license": "MIT",
      "locked_url": "https://github.com/flox/nixpkgs?rev=addf7cf5f383a3101ecfba091b98d0a1263dc9b8",
      "name": "ollama-0.13.1",
      "pname": "ollama-cuda",
      "rev": "addf7cf5f383a3101ecfba091b98d0a1263dc9b8",
      "rev_count": 908783,
      "rev_date": "2025-12-08T09:27:56Z",
      "scrape_date": "2025-12-10T03:24:01.371823Z",
      "stabilities": [
        "staging",
        "unstable"
      ],
      "unfree": false,
      "version": "0.13.1",
      "outputs_to_install": [
        "out",
        "out"
      ],
      "outputs": {
        "out": "/nix/store/d9kwryyf10lv2gh8siy8z0q25dc39my1-ollama-0.13.1"
      },
      "system": "x86_64-linux",
      "group": "toplevel",
      "priority": 5
    }
  ]
}
