{
  "lockfile-version": 1,
  "manifest": {
    "version": 1,
    "install": {
      "ollama-cuda": {
        "pkg-path": "flox-cuda/ollama"
      }
    },
    "vars": {
      "OLLAMA_HOST": "0.0.0.0",
      "OLLAMA_PORT": "11434"
    },
    "options": {
      "systems": [
        "aarch64-linux",
        "x86_64-linux"
      ]
    }
  },
  "packages": [
    {
      "attr_path": "ollama",
      "broken": false,
      "derivation": "/nix/store/8bf5nnl1xbs66cxnrdv7imqkqpmp3ykg-ollama-0.13.5.drv",
      "description": "Get up and running with large language models locally, using CUDA for NVIDIA GPU acceleration",
      "install_id": "ollama-cuda",
      "license": "MIT",
      "locked_url": "https://github.com/flox/nixpkgs?rev=cad22e7d996aea55ecab064e84834289143e44a0",
      "name": "ollama-0.13.5",
      "pname": "ollama-cuda",
      "rev": "cad22e7d996aea55ecab064e84834289143e44a0",
      "rev_count": 919991,
      "rev_date": "2025-12-30T17:40:09Z",
      "scrape_date": "2026-01-15T13:23:28.517365189Z",
      "stabilities": [
        "staging",
        "unstable"
      ],
      "unfree": false,
      "version": "ollama-0.13.5",
      "outputs_to_install": [
        "out"
      ],
      "outputs": {
        "out": "/nix/store/qrbrai0mm4zhhf5ssa0dicszwa2v869f-ollama-0.13.5"
      },
      "system": "aarch64-linux",
      "group": "toplevel",
      "priority": 5
    },
    {
      "attr_path": "ollama",
      "broken": false,
      "derivation": "/nix/store/l5v5jg1f8w7y3lak89alwjkgc5zfz84f-ollama-0.13.5.drv",
      "description": "Get up and running with large language models locally, using CUDA for NVIDIA GPU acceleration",
      "install_id": "ollama-cuda",
      "license": "MIT",
      "locked_url": "https://github.com/flox/nixpkgs?rev=cad22e7d996aea55ecab064e84834289143e44a0",
      "name": "ollama-0.13.5",
      "pname": "ollama-cuda",
      "rev": "cad22e7d996aea55ecab064e84834289143e44a0",
      "rev_count": 919991,
      "rev_date": "2025-12-30T17:40:09Z",
      "scrape_date": "2026-01-15T13:23:28.517369646Z",
      "stabilities": [
        "staging",
        "unstable"
      ],
      "unfree": false,
      "version": "ollama-0.13.5",
      "outputs_to_install": [
        "out"
      ],
      "outputs": {
        "out": "/nix/store/pgf3vw431l0y5d2x072qlflvjmin370f-ollama-0.13.5"
      },
      "system": "x86_64-linux",
      "group": "toplevel",
      "priority": 5
    }
  ]
}
